
Microsoft Visual Studio Solution File, Format Version 12.00
# Visual Studio Version 17
VisualStudioVersion = 17.0.31903.59
MinimumVisualStudioVersion = 10.0.40219.1
Project("{2150E333-8FDC-42A3-9474-1A3956D46DE8}") = "src", "src", "{D8322B0A-5BBF-4ABC-8D96-BC906B426892}"
EndProject
Project("{F2A71F9B-5D33-465A-A702-920D77279786}") = "SutilOxide", "src\SutilOxide\SutilOxide.fsproj", "{827109FC-D24F-425C-A97D-557DBDBEE8A4}"
EndProject
Project("{F2A71F9B-5D33-465A-A702-920D77279786}") = "App", "src\App\App.fsproj", "{EDEE91E8-4E22-4DDE-9CC3-76456E00C104}"
EndProject
Global
	GlobalSection(SolutionConfigurationPlatforms) = preSolution
		Debug|Any CPU = Debug|Any CPU
		Release|Any CPU = Release|Any CPU
	EndGlobalSection
	GlobalSection(SolutionProperties) = preSolution
		HideSolutionNode = FALSE
	EndGlobalSection
	GlobalSection(ProjectConfigurationPlatforms) = postSolution
		{827109FC-D24F-425C-A97D-557DBDBEE8A4}.Debug|Any CPU.ActiveCfg = Debug|Any CPU
		{827109FC-D24F-425C-A97D-557DBDBEE8A4}.Debug|Any CPU.Build.0 = Debug|Any CPU
		{827109FC-D24F-425C-A97D-557DBDBEE8A4}.Release|Any CPU.ActiveCfg = Release|Any CPU
		{827109FC-D24F-425C-A97D-557DBDBEE8A4}.Release|Any CPU.Build.0 = Release|Any CPU
		{EDEE91E8-4E22-4DDE-9CC3-76456E00C104}.Debug|Any CPU.ActiveCfg = Debug|Any CPU
		{EDEE91E8-4E22-4DDE-9CC3-76456E00C104}.Debug|Any CPU.Build.0 = Debug|Any CPU
		{EDEE91E8-4E22-4DDE-9CC3-76456E00C104}.Release|Any CPU.ActiveCfg = Release|Any CPU
		{EDEE91E8-4E22-4DDE-9CC3-76456E00C104}.Release|Any CPU.Build.0 = Release|Any CPU
	EndGlobalSection
	GlobalSection(NestedProjects) = preSolution
		{827109FC-D24F-425C-A97D-557DBDBEE8A4} = {D8322B0A-5BBF-4ABC-8D96-BC906B426892}
		{EDEE91E8-4E22-4DDE-9CC3-76456E00C104} = {D8322B0A-5BBF-4ABC-8D96-BC906B426892}
	EndGlobalSection
EndGlobal
